
Microsoft Visual Studio Solution File, Format Version 12.00
# Visual Studio Version 17
VisualStudioVersion = 17.0.31903.59
MinimumVisualStudioVersion = 10.0.40219.1
Project("{2150E333-8FDC-42A3-9474-1A3956D46DE8}") = "src", "src", "{572F5501-EAF1-4FE1-81F4-15EE76B4380D}"
EndProject
Project("{2150E333-8FDC-42A3-9474-1A3956D46DE8}") = "tests", "tests", "{966397C7-92C3-491A-BBAF-C26C19A43A4D}"
EndProject
Project("{FAE04EC0-301F-11D3-BF4B-00C04F79EFBC}") = "Services", "src\Services\Services.csproj", "{886403B3-693B-4201-B9D1-CBD59BAB77BB}"
EndProject
Project("{FAE04EC0-301F-11D3-BF4B-00C04F79EFBC}") = "Client", "src\Client\Client.csproj", "{66A1D543-1A38-4C35-B2EF-1863F1FB6BF7}"
EndProject
Project("{FAE04EC0-301F-11D3-BF4B-00C04F79EFBC}") = "Domain", "src\Domain\Domain.csproj", "{77F1BABD-6746-4483-8433-5DE256211140}"
EndProject
Project("{FAE04EC0-301F-11D3-BF4B-00C04F79EFBC}") = "Persistence", "src\Persistence\Persistence.csproj", "{601F32EF-0E75-44BD-969D-68FF7F6E4EA8}"
EndProject
Project("{FAE04EC0-301F-11D3-BF4B-00C04F79EFBC}") = "Shared", "src\Shared\Shared.csproj", "{83A46A82-C3E0-4423-80BE-07888AB16911}"
EndProject
Project("{FAE04EC0-301F-11D3-BF4B-00C04F79EFBC}") = "Server", "src\Server\Server.csproj", "{A4A30E19-4A8F-4AD0-BDAC-3347FB9B63B9}"
EndProject
Project("{FAE04EC0-301F-11D3-BF4B-00C04F79EFBC}") = "Domain.Tests", "tests\Domain.Tests\Domain.Tests.csproj", "{B365826B-A6AC-4CF1-93C7-BEF19BC2691C}"
EndProject
Global
	GlobalSection(SolutionConfigurationPlatforms) = preSolution
		Debug|Any CPU = Debug|Any CPU
		Release|Any CPU = Release|Any CPU
	EndGlobalSection
	GlobalSection(SolutionProperties) = preSolution
		HideSolutionNode = FALSE
	EndGlobalSection
	GlobalSection(ProjectConfigurationPlatforms) = postSolution
		{886403B3-693B-4201-B9D1-CBD59BAB77BB}.Debug|Any CPU.ActiveCfg = Debug|Any CPU
		{886403B3-693B-4201-B9D1-CBD59BAB77BB}.Debug|Any CPU.Build.0 = Debug|Any CPU
		{886403B3-693B-4201-B9D1-CBD59BAB77BB}.Release|Any CPU.ActiveCfg = Release|Any CPU
		{886403B3-693B-4201-B9D1-CBD59BAB77BB}.Release|Any CPU.Build.0 = Release|Any CPU
		{66A1D543-1A38-4C35-B2EF-1863F1FB6BF7}.Debug|Any CPU.ActiveCfg = Debug|Any CPU
		{66A1D543-1A38-4C35-B2EF-1863F1FB6BF7}.Debug|Any CPU.Build.0 = Debug|Any CPU
		{66A1D543-1A38-4C35-B2EF-1863F1FB6BF7}.Release|Any CPU.ActiveCfg = Release|Any CPU
		{66A1D543-1A38-4C35-B2EF-1863F1FB6BF7}.Release|Any CPU.Build.0 = Release|Any CPU
		{77F1BABD-6746-4483-8433-5DE256211140}.Debug|Any CPU.ActiveCfg = Debug|Any CPU
		{77F1BABD-6746-4483-8433-5DE256211140}.Debug|Any CPU.Build.0 = Debug|Any CPU
		{77F1BABD-6746-4483-8433-5DE256211140}.Release|Any CPU.ActiveCfg = Release|Any CPU
		{77F1BABD-6746-4483-8433-5DE256211140}.Release|Any CPU.Build.0 = Release|Any CPU
		{601F32EF-0E75-44BD-969D-68FF7F6E4EA8}.Debug|Any CPU.ActiveCfg = Debug|Any CPU
		{601F32EF-0E75-44BD-969D-68FF7F6E4EA8}.Debug|Any CPU.Build.0 = Debug|Any CPU
		{601F32EF-0E75-44BD-969D-68FF7F6E4EA8}.Release|Any CPU.ActiveCfg = Release|Any CPU
		{601F32EF-0E75-44BD-969D-68FF7F6E4EA8}.Release|Any CPU.Build.0 = Release|Any CPU
		{83A46A82-C3E0-4423-80BE-07888AB16911}.Debug|Any CPU.ActiveCfg = Debug|Any CPU
		{83A46A82-C3E0-4423-80BE-07888AB16911}.Debug|Any CPU.Build.0 = Debug|Any CPU
		{83A46A82-C3E0-4423-80BE-07888AB16911}.Release|Any CPU.ActiveCfg = Release|Any CPU
		{83A46A82-C3E0-4423-80BE-07888AB16911}.Release|Any CPU.Build.0 = Release|Any CPU
		{A4A30E19-4A8F-4AD0-BDAC-3347FB9B63B9}.Debug|Any CPU.ActiveCfg = Debug|Any CPU
		{A4A30E19-4A8F-4AD0-BDAC-3347FB9B63B9}.Debug|Any CPU.Build.0 = Debug|Any CPU
		{A4A30E19-4A8F-4AD0-BDAC-3347FB9B63B9}.Release|Any CPU.ActiveCfg = Release|Any CPU
		{A4A30E19-4A8F-4AD0-BDAC-3347FB9B63B9}.Release|Any CPU.Build.0 = Release|Any CPU
		{B365826B-A6AC-4CF1-93C7-BEF19BC2691C}.Debug|Any CPU.ActiveCfg = Debug|Any CPU
		{B365826B-A6AC-4CF1-93C7-BEF19BC2691C}.Debug|Any CPU.Build.0 = Debug|Any CPU
		{B365826B-A6AC-4CF1-93C7-BEF19BC2691C}.Release|Any CPU.ActiveCfg = Release|Any CPU
		{B365826B-A6AC-4CF1-93C7-BEF19BC2691C}.Release|Any CPU.Build.0 = Release|Any CPU
	EndGlobalSection
	GlobalSection(NestedProjects) = preSolution
		{886403B3-693B-4201-B9D1-CBD59BAB77BB} = {572F5501-EAF1-4FE1-81F4-15EE76B4380D}
		{66A1D543-1A38-4C35-B2EF-1863F1FB6BF7} = {572F5501-EAF1-4FE1-81F4-15EE76B4380D}
		{77F1BABD-6746-4483-8433-5DE256211140} = {572F5501-EAF1-4FE1-81F4-15EE76B4380D}
		{601F32EF-0E75-44BD-969D-68FF7F6E4EA8} = {572F5501-EAF1-4FE1-81F4-15EE76B4380D}
		{83A46A82-C3E0-4423-80BE-07888AB16911} = {572F5501-EAF1-4FE1-81F4-15EE76B4380D}
		{A4A30E19-4A8F-4AD0-BDAC-3347FB9B63B9} = {572F5501-EAF1-4FE1-81F4-15EE76B4380D}
		{B365826B-A6AC-4CF1-93C7-BEF19BC2691C} = {966397C7-92C3-491A-BBAF-C26C19A43A4D}
	EndGlobalSection
EndGlobal
